PODS:
  - SwiftLint (0.29.3)
  - TapAdditionsKit/CoreGraphics/CGContext (1.2)
  - TapAdditionsKit/CoreGraphics/CGImage (1.2):
    - TapAdditionsKit/CoreGraphics/CGContext
  - TapAdditionsKit/CoreGraphics/CGSize (1.2):
    - TapAdditionsKit/SwiftStandartLibrary/Numeric
  - TapAdditionsKit/Foundation/Locale (1.2)
  - TapAdditionsKit/Foundation/NumberFormatter (1.2)
  - TapAdditionsKit/ObjectiveC/NSObject (1.2)
  - TapAdditionsKit/QuartzCore/CALayer (1.2)
  - TapAdditionsKit/SwiftStandartLibrary/Array (1.2):
    - TapAdditionsKit/SwiftStandartLibrary/Numeric
  - TapAdditionsKit/SwiftStandartLibrary/Int (1.2)
  - TapAdditionsKit/SwiftStandartLibrary/Numeric (1.2)
  - TapAdditionsKit/SwiftStandartLibrary/Sequence (1.2)
  - TapAdditionsKit/SwiftStandartLibrary/String (1.2):
    - TapAdditionsKit/Foundation/Locale
    - TapAdditionsKit/Foundation/NumberFormatter
    - TapAdditionsKit/SwiftStandartLibrary/Int
  - TapAdditionsKit/Tap/TypeAlias (1.2)
  - TapAdditionsKit/UIKit/UIColor (1.2):
    - TapAdditionsKit/SwiftStandartLibrary/Array
    - TapAdditionsKit/SwiftStandartLibrary/Int
    - TapAdditionsKit/SwiftStandartLibrary/String
  - TapAdditionsKit/UIKit/UIImage (1.2):
    - TapAdditionsKit/CoreGraphics/CGImage
    - TapAdditionsKit/CoreGraphics/CGSize
    - TapAdditionsKit/SwiftStandartLibrary/Array
    - TapAdditionsKit/SwiftStandartLibrary/Sequence
    - TapAdditionsKit/UIKit/UIColor
  - TapAdditionsKit/UIKit/UIScreen (1.2)
  - TapAdditionsKit/UIKit/UIView (1.2):
    - TapAdditionsKit/UIKit/UIView/AnimationOptions (= 1.2)
    - TapAdditionsKit/UIKit/UIView/KeyframeAnimationOptions (= 1.2)
    - TapAdditionsKit/UIKit/UIView/UIView (= 1.2)
  - TapAdditionsKit/UIKit/UIView/AnimationOptions (1.2)
  - TapAdditionsKit/UIKit/UIView/KeyframeAnimationOptions (1.2)
  - TapAdditionsKit/UIKit/UIView/UIView (1.2):
    - TapAdditionsKit/ObjectiveC/NSObject
    - TapAdditionsKit/QuartzCore/CALayer
    - TapAdditionsKit/SwiftStandartLibrary/String
    - TapAdditionsKit/Tap/TypeAlias
    - TapAdditionsKit/UIKit/UIImage
    - TapAdditionsKit/UIKit/UIScreen

DEPENDENCIES:
  - SwiftLint
  - TapAdditionsKit/Foundation/Locale
  - TapAdditionsKit/UIKit/UIView

SPEC REPOS:
  https://github.com/cocoapods/specs.git:
    - SwiftLint
    - TapAdditionsKit

SPEC CHECKSUMS:
  SwiftLint: bfa7ca7b4d170cfaf0d236ca3ffd969e88a2f002
  TapAdditionsKit: ec0e7e864ad1590e0c2f62230100e2621499458f

PODFILE CHECKSUM: 2ef1c4fd0a0a9458499d146c79b1edf62a682c4b

COCOAPODS: 1.6.0.beta.1
