PODS:
  - SwiftLint (0.27.0)
  - TapAdditionsKit/CoreGraphics/CGContext (1.0.11)
  - TapAdditionsKit/CoreGraphics/CGImage (1.0.11):
    - TapAdditionsKit/CoreGraphics/CGContext
  - TapAdditionsKit/CoreGraphics/CGSize (1.0.11):
    - TapAdditionsKit/SwiftStandartLibrary/Numeric
  - TapAdditionsKit/Foundation/Locale (1.0.11)
  - TapAdditionsKit/Foundation/NumberFormatter (1.0.11)
  - TapAdditionsKit/ObjectiveC/NSObject (1.0.11)
  - TapAdditionsKit/QuartzCore/CALayer (1.0.11)
  - TapAdditionsKit/SwiftStandartLibrary/Array (1.0.11):
    - TapAdditionsKit/SwiftStandartLibrary/Numeric
  - TapAdditionsKit/SwiftStandartLibrary/Int (1.0.11)
  - TapAdditionsKit/SwiftStandartLibrary/Numeric (1.0.11)
  - TapAdditionsKit/SwiftStandartLibrary/Sequence (1.0.11)
  - TapAdditionsKit/SwiftStandartLibrary/String (1.0.11):
    - TapAdditionsKit/Foundation/Locale
    - TapAdditionsKit/Foundation/NumberFormatter
    - TapAdditionsKit/SwiftStandartLibrary/Int
  - TapAdditionsKit/Tap/TypeAlias (1.0.11)
  - TapAdditionsKit/UIKit/UIColor (1.0.11):
    - TapAdditionsKit/SwiftStandartLibrary/Array
    - TapAdditionsKit/SwiftStandartLibrary/Int
    - TapAdditionsKit/SwiftStandartLibrary/String
  - TapAdditionsKit/UIKit/UIImage (1.0.11):
    - TapAdditionsKit/CoreGraphics/CGImage
    - TapAdditionsKit/CoreGraphics/CGSize
    - TapAdditionsKit/SwiftStandartLibrary/Array
    - TapAdditionsKit/SwiftStandartLibrary/Sequence
    - TapAdditionsKit/UIKit/UIColor
  - TapAdditionsKit/UIKit/UIScreen (1.0.11)
  - TapAdditionsKit/UIKit/UIView (1.0.11):
    - TapAdditionsKit/ObjectiveC/NSObject
    - TapAdditionsKit/QuartzCore/CALayer
    - TapAdditionsKit/SwiftStandartLibrary/String
    - TapAdditionsKit/Tap/TypeAlias
    - TapAdditionsKit/UIKit/UIImage
    - TapAdditionsKit/UIKit/UIScreen

DEPENDENCIES:
  - SwiftLint
  - TapAdditionsKit/Foundation/Locale
  - TapAdditionsKit/UIKit/UIView

SPEC REPOS:
  https://github.com/cocoapods/specs.git:
    - SwiftLint
    - TapAdditionsKit

SPEC CHECKSUMS:
  SwiftLint: 3207c1faa2240bf8973b191820a116113cd11073
  TapAdditionsKit: d2261c78de40bdf59c796cbb6f217ac09f7560d5

PODFILE CHECKSUM: b862adc159cddfa59b468f4af2d6f6a744b156ba

COCOAPODS: 1.5.3
